
Microsoft Visual Studio Solution File, Format Version 12.00
# Visual Studio Version 16
VisualStudioVersion = 16.0.29326.143
MinimumVisualStudioVersion = 10.0.40219.1
Project("{FAE04EC0-301F-11D3-BF4B-00C04F79EFBC}") = "wcfCashier", "wcfCashier\wcfCashier.csproj", "{35650227-9639-4391-8689-F089572FCAF4}"
	ProjectSection(ProjectDependencies) = postProject
		{54A81DB8-D63A-4B36-926D-ABE8062B955B} = {54A81DB8-D63A-4B36-926D-ABE8062B955B}
	EndProjectSection
EndProject
Project("{FAE04EC0-301F-11D3-BF4B-00C04F79EFBC}") = "Service_Set", "Service_Set\Service_Set.csproj", "{54A81DB8-D63A-4B36-926D-ABE8062B955B}"
EndProject
Global
	GlobalSection(SolutionConfigurationPlatforms) = preSolution
		Debug|Any CPU = Debug|Any CPU
		Release|Any CPU = Release|Any CPU
	EndGlobalSection
	GlobalSection(ProjectConfigurationPlatforms) = postSolution
		{35650227-9639-4391-8689-F089572FCAF4}.Debug|Any CPU.ActiveCfg = Debug|Any CPU
		{35650227-9639-4391-8689-F089572FCAF4}.Debug|Any CPU.Build.0 = Debug|Any CPU
		{35650227-9639-4391-8689-F089572FCAF4}.Release|Any CPU.ActiveCfg = Release|Any CPU
		{35650227-9639-4391-8689-F089572FCAF4}.Release|Any CPU.Build.0 = Release|Any CPU
		{54A81DB8-D63A-4B36-926D-ABE8062B955B}.Debug|Any CPU.ActiveCfg = Debug|Any CPU
		{54A81DB8-D63A-4B36-926D-ABE8062B955B}.Debug|Any CPU.Build.0 = Debug|Any CPU
		{54A81DB8-D63A-4B36-926D-ABE8062B955B}.Release|Any CPU.ActiveCfg = Release|Any CPU
		{54A81DB8-D63A-4B36-926D-ABE8062B955B}.Release|Any CPU.Build.0 = Release|Any CPU
	EndGlobalSection
	GlobalSection(SolutionProperties) = preSolution
		HideSolutionNode = FALSE
	EndGlobalSection
	GlobalSection(ExtensibilityGlobals) = postSolution
		SolutionGuid = {15D29E06-ACE1-46B0-BF2B-9C6B372FD393}
	EndGlobalSection
EndGlobal
